
Microsoft Visual Studio Solution File, Format Version 12.00
# Visual Studio Version 17
VisualStudioVersion = 17.4.33213.308
MinimumVisualStudioVersion = 10.0.40219.1
Project("{9A19103F-16F7-4668-BE54-9A1E7A4F7556}") = "Factory_Method", "Factory_Method\Factory_Method.csproj", "{C71539BE-DCAF-4135-A5CB-FDC5BDA0631C}"
EndProject
Project("{9A19103F-16F7-4668-BE54-9A1E7A4F7556}") = "Abstract_Factory", "Abstract_Factory\Abstract_Factory.csproj", "{FF8A59D2-750A-49D9-9071-F0F76500D880}"
EndProject
Project("{9A19103F-16F7-4668-BE54-9A1E7A4F7556}") = "Builder", "Builder\Builder.csproj", "{4F417886-54D6-4335-9941-D0553410D8BD}"
EndProject
Project("{9A19103F-16F7-4668-BE54-9A1E7A4F7556}") = "Prototype_Pattern", "Prototype_Pattern\Prototype_Pattern.csproj", "{B62403C8-F3AE-4255-B464-9C03FF2326D3}"
EndProject
Project("{FAE04EC0-301F-11D3-BF4B-00C04F79EFBC}") = "Singleton_Pattern", "Singleton_Pattern\Singleton_Pattern.csproj", "{1295A50D-B93A-427E-B99C-DD27BDA0F268}"
EndProject
Global
	GlobalSection(SolutionConfigurationPlatforms) = preSolution
		Debug|Any CPU = Debug|Any CPU
		Release|Any CPU = Release|Any CPU
	EndGlobalSection
	GlobalSection(ProjectConfigurationPlatforms) = postSolution
		{C71539BE-DCAF-4135-A5CB-FDC5BDA0631C}.Debug|Any CPU.ActiveCfg = Debug|Any CPU
		{C71539BE-DCAF-4135-A5CB-FDC5BDA0631C}.Debug|Any CPU.Build.0 = Debug|Any CPU
		{C71539BE-DCAF-4135-A5CB-FDC5BDA0631C}.Release|Any CPU.ActiveCfg = Release|Any CPU
		{C71539BE-DCAF-4135-A5CB-FDC5BDA0631C}.Release|Any CPU.Build.0 = Release|Any CPU
		{FF8A59D2-750A-49D9-9071-F0F76500D880}.Debug|Any CPU.ActiveCfg = Debug|Any CPU
		{FF8A59D2-750A-49D9-9071-F0F76500D880}.Debug|Any CPU.Build.0 = Debug|Any CPU
		{FF8A59D2-750A-49D9-9071-F0F76500D880}.Release|Any CPU.ActiveCfg = Release|Any CPU
		{FF8A59D2-750A-49D9-9071-F0F76500D880}.Release|Any CPU.Build.0 = Release|Any CPU
		{4F417886-54D6-4335-9941-D0553410D8BD}.Debug|Any CPU.ActiveCfg = Debug|Any CPU
		{4F417886-54D6-4335-9941-D0553410D8BD}.Debug|Any CPU.Build.0 = Debug|Any CPU
		{4F417886-54D6-4335-9941-D0553410D8BD}.Release|Any CPU.ActiveCfg = Release|Any CPU
		{4F417886-54D6-4335-9941-D0553410D8BD}.Release|Any CPU.Build.0 = Release|Any CPU
		{B62403C8-F3AE-4255-B464-9C03FF2326D3}.Debug|Any CPU.ActiveCfg = Debug|Any CPU
		{B62403C8-F3AE-4255-B464-9C03FF2326D3}.Debug|Any CPU.Build.0 = Debug|Any CPU
		{B62403C8-F3AE-4255-B464-9C03FF2326D3}.Release|Any CPU.ActiveCfg = Release|Any CPU
		{B62403C8-F3AE-4255-B464-9C03FF2326D3}.Release|Any CPU.Build.0 = Release|Any CPU
		{1295A50D-B93A-427E-B99C-DD27BDA0F268}.Debug|Any CPU.ActiveCfg = Debug|Any CPU
		{1295A50D-B93A-427E-B99C-DD27BDA0F268}.Debug|Any CPU.Build.0 = Debug|Any CPU
		{1295A50D-B93A-427E-B99C-DD27BDA0F268}.Release|Any CPU.ActiveCfg = Release|Any CPU
		{1295A50D-B93A-427E-B99C-DD27BDA0F268}.Release|Any CPU.Build.0 = Release|Any CPU
	EndGlobalSection
	GlobalSection(SolutionProperties) = preSolution
		HideSolutionNode = FALSE
	EndGlobalSection
	GlobalSection(ExtensibilityGlobals) = postSolution
		SolutionGuid = {2E3F8090-967E-41B6-B8EE-0EB76AD71D2F}
	EndGlobalSection
EndGlobal
